// !$*UTF8*$!
{
	archiveVersion = 1;
	classes = {
	};
	objectVersion = 48;
	objects = {

/* Begin PBXBuildFile section */
		43A6184D206C2CFC00DB29BA /* AppDelegate.swift in Sources */ = {isa = PBXBuildFile; fileRef = 43A6184C206C2CFC00DB29BA /* AppDelegate.swift */; };
		43A6184F206C2CFC00DB29BA /* ViewController.swift in Sources */ = {isa = PBXBuildFile; fileRef = 43A6184E206C2CFC00DB29BA /* ViewController.swift */; };
		43A61852206C2CFC00DB29BA /* Main.storyboard in Resources */ = {isa = PBXBuildFile; fileRef = 43A61850206C2CFC00DB29BA /* Main.storyboard */; };
		43A61855206C2CFD00DB29BA /* FireBaseDemo.xcdatamodeld in Sources */ = {isa = PBXBuildFile; fileRef = 43A61853206C2CFC00DB29BA /* FireBaseDemo.xcdatamodeld */; };
		43A61857206C2CFD00DB29BA /* Assets.xcassets in Resources */ = {isa = PBXBuildFile; fileRef = 43A61856206C2CFD00DB29BA /* Assets.xcassets */; };
		43A6185A206C2CFD00DB29BA /* LaunchScreen.storyboard in Resources */ = {isa = PBXBuildFile; fileRef = 43A61858206C2CFD00DB29BA /* LaunchScreen.storyboard */; };
		43F75AAB206C65C7001AF6E5 /* GoogleService-Info.plist in Resources */ = {isa = PBXBuildFile; fileRef = 43F75AAA206C65C7001AF6E5 /* GoogleService-Info.plist */; };
		B231A3EEA65FD31B93CEE2EC /* Pods_FireBaseDemo.framework in Frameworks */ = {isa = PBXBuildFile; fileRef = 729F0E4F76BE91F562BCCD3F /* Pods_FireBaseDemo.framework */; };
/* End PBXBuildFile section */

/* Begin PBXFileReference section */
		33F936BF2FA566FDD061D67B /* Pods-FireBaseDemo.release.xcconfig */ = {isa = PBXFileReference; includeInIndex = 1; lastKnownFileType = text.xcconfig; name = "Pods-FireBaseDemo.release.xcconfig"; path = "Pods/Target Support Files/Pods-FireBaseDemo/Pods-FireBaseDemo.release.xcconfig"; sourceTree = "<group>"; };
		43A61849206C2CFC00DB29BA /* FireBaseDemo.app */ = {isa = PBXFileReference; explicitFileType = wrapper.application; includeInIndex = 0; path = FireBaseDemo.app; sourceTree = BUILT_PRODUCTS_DIR; };
		43A6184C206C2CFC00DB29BA /* AppDelegate.swift */ = {isa = PBXFileReference; lastKnownFileType = sourcecode.swift; path = AppDelegate.swift; sourceTree = "<group>"; };
		43A6184E206C2CFC00DB29BA /* ViewController.swift */ = {isa = PBXFileReference; lastKnownFileType = sourcecode.swift; path = ViewController.swift; sourceTree = "<group>"; };
		43A61851206C2CFC00DB29BA /* Base */ = {isa = PBXFileReference; lastKnownFileType = file.storyboard; name = Base; path = Base.lproj/Main.storyboard; sourceTree = "<group>"; };
		43A61854206C2CFC00DB29BA /* FireBaseDemo.xcdatamodel */ = {isa = PBXFileReference; lastKnownFileType = wrapper.xcdatamodel; path = FireBaseDemo.xcdatamodel; sourceTree = "<group>"; };
		43A61856206C2CFD00DB29BA /* Assets.xcassets */ = {isa = PBXFileReference; lastKnownFileType = folder.assetcatalog; path = Assets.xcassets; sourceTree = "<group>"; };
		43A61859206C2CFD00DB29BA /* Base */ = {isa = PBXFileReference; lastKnownFileType = file.storyboard; name = Base; path = Base.lproj/LaunchScreen.storyboard; sourceTree = "<group>"; };
		43A6185B206C2CFD00DB29BA /* Info.plist */ = {isa = PBXFileReference; lastKnownFileType = text.plist.xml; path = Info.plist; sourceTree = "<group>"; };
		43F75AAA206C65C7001AF6E5 /* GoogleService-Info.plist */ = {isa = PBXFileReference; fileEncoding = 4; lastKnownFileType = text.plist.xml; path = "GoogleService-Info.plist"; sourceTree = "<group>"; };
		729F0E4F76BE91F562BCCD3F /* Pods_FireBaseDemo.framework */ = {isa = PBXFileReference; explicitFileType = wrapper.framework; includeInIndex = 0; path = Pods_FireBaseDemo.framework; sourceTree = BUILT_PRODUCTS_DIR; };
		9354FB24F181DF8F42A82616 /* Pods-FireBaseDemo.debug.xcconfig */ = {isa = PBXFileReference; includeInIndex = 1; lastKnownFileType = text.xcconfig; name = "Pods-FireBaseDemo.debug.xcconfig"; path = "Pods/Target Support Files/Pods-FireBaseDemo/Pods-FireBaseDemo.debug.xcconfig"; sourceTree = "<group>"; };
/* End PBXFileReference section */

/* Begin PBXFrameworksBuildPhase section */
		43A61846206C2CFC00DB29BA /* Frameworks */ = {
			isa = PBXFrameworksBuildPhase;
			buildActionMask = 2147483647;
			files = (
				B231A3EEA65FD31B93CEE2EC /* Pods_FireBaseDemo.framework in Frameworks */,
			);
			runOnlyForDeploymentPostprocessing = 0;
		};
/* End PBXFrameworksBuildPhase section */

/* Begin PBXGroup section */
		43A61840206C2CFC00DB29BA = {
			isa = PBXGroup;
			children = (
				43A6184B206C2CFC00DB29BA /* FireBaseDemo */,
				43A6184A206C2CFC00DB29BA /* Products */,
				8CCEF83C879589D6E9AAE228 /* Pods */,
				7B0DD1A6BC3177EB191DFAE3 /* Frameworks */,
			);
			sourceTree = "<group>";
		};
		43A6184A206C2CFC00DB29BA /* Products */ = {
			isa = PBXGroup;
			children = (
				43A61849206C2CFC00DB29BA /* FireBaseDemo.app */,
			);
			name = Products;
			sourceTree = "<group>";
		};
		43A6184B206C2CFC00DB29BA /* FireBaseDemo */ = {
			isa = PBXGroup;
			children = (
				43F75AAA206C65C7001AF6E5 /* GoogleService-Info.plist */,
				43A6184C206C2CFC00DB29BA /* AppDelegate.swift */,
				43A6184E206C2CFC00DB29BA /* ViewController.swift */,
				43A61850206C2CFC00DB29BA /* Main.storyboard */,
				43A61856206C2CFD00DB29BA /* Assets.xcassets */,
				43A61858206C2CFD00DB29BA /* LaunchScreen.storyboard */,
				43A6185B206C2CFD00DB29BA /* Info.plist */,
				43A61853206C2CFC00DB29BA /* FireBaseDemo.xcdatamodeld */,
			);
			path = FireBaseDemo;
			sourceTree = "<group>";
		};
		7B0DD1A6BC3177EB191DFAE3 /* Frameworks */ = {
			isa = PBXGroup;
			children = (
				729F0E4F76BE91F562BCCD3F /* Pods_FireBaseDemo.framework */,
			);
			name = Frameworks;
			sourceTree = "<group>";
		};
		8CCEF83C879589D6E9AAE228 /* Pods */ = {
			isa = PBXGroup;
			children = (
				9354FB24F181DF8F42A82616 /* Pods-FireBaseDemo.debug.xcconfig */,
				33F936BF2FA566FDD061D67B /* Pods-FireBaseDemo.release.xcconfig */,
			);
			name = Pods;
			sourceTree = "<group>";
		};
/* End PBXGroup section */

/* Begin PBXNativeTarget section */
		43A61848206C2CFC00DB29BA /* FireBaseDemo */ = {
			isa = PBXNativeTarget;
			buildConfigurationList = 43A6185E206C2CFD00DB29BA /* Build configuration list for PBXNativeTarget "FireBaseDemo" */;
			buildPhases = (
				65A24EA3DC1D8D6FD372D546 /* [CP] Check Pods Manifest.lock */,
				43A61845206C2CFC00DB29BA /* Sources */,
				43A61846206C2CFC00DB29BA /* Frameworks */,
				43A61847206C2CFC00DB29BA /* Resources */,
				B5DADC8E52A0CBC64D247631 /* [CP] Embed Pods Frameworks */,
				A4AB2A9F1E30D9356567040F /* [CP] Copy Pods Resources */,
			);
			buildRules = (
			);
			dependencies = (
			);
			name = FireBaseDemo;
			productName = FireBaseDemo;
			productReference = 43A61849206C2CFC00DB29BA /* FireBaseDemo.app */;
			productType = "com.apple.product-type.application";
		};
/* End PBXNativeTarget section */

/* Begin PBXProject section */
		43A61841206C2CFC00DB29BA /* Project object */ = {
			isa = PBXProject;
			attributes = {
				LastSwiftUpdateCheck = 0900;
				LastUpgradeCheck = 0900;
				ORGANIZATIONNAME = marwa;
				TargetAttributes = {
					43A61848206C2CFC00DB29BA = {
						CreatedOnToolsVersion = 9.0;
						ProvisioningStyle = Automatic;
					};
				};
			};
			buildConfigurationList = 43A61844206C2CFC00DB29BA /* Build configuration list for PBXProject "FireBaseDemo" */;
			compatibilityVersion = "Xcode 8.0";
			developmentRegion = en;
			hasScannedForEncodings = 0;
			knownRegions = (
				en,
				Base,
			);
			mainGroup = 43A61840206C2CFC00DB29BA;
			productRefGroup = 43A6184A206C2CFC00DB29BA /* Products */;
			projectDirPath = "";
			projectRoot = "";
			targets = (
				43A61848206C2CFC00DB29BA /* FireBaseDemo */,
			);
		};
/* End PBXProject section */

/* Begin PBXResourcesBuildPhase section */
		43A61847206C2CFC00DB29BA /* Resources */ = {
			isa = PBXResourcesBuildPhase;
			buildActionMask = 2147483647;
			files = (
				43A6185A206C2CFD00DB29BA /* LaunchScreen.storyboard in Resources */,
				43F75AAB206C65C7001AF6E5 /* GoogleService-Info.plist in Resources */,
				43A61857206C2CFD00DB29BA /* Assets.xcassets in Resources */,
				43A61852206C2CFC00DB29BA /* Main.storyboard in Resources */,
			);
			runOnlyForDeploymentPostprocessing = 0;
		};
/* End PBXResourcesBuildPhase section */

/* Begin PBXShellScriptBuildPhase section */
		65A24EA3DC1D8D6FD372D546 /* [CP] Check Pods Manifest.lock */ = {
			isa = PBXShellScriptBuildPhase;
			buildActionMask = 2147483647;
			files = (
			);
			inputPaths = (
				"${PODS_PODFILE_DIR_PATH}/Podfile.lock",
				"${PODS_ROOT}/Manifest.lock",
			);
			name = "[CP] Check Pods Manifest.lock";
			outputPaths = (
				"$(DERIVED_FILE_DIR)/Pods-FireBaseDemo-checkManifestLockResult.txt",
			);
			runOnlyForDeploymentPostprocessing = 0;
			shellPath = /bin/sh;
			shellScript = "diff \"${PODS_PODFILE_DIR_PATH}/Podfile.lock\" \"${PODS_ROOT}/Manifest.lock\" > /dev/null\nif [ $? != 0 ] ; then\n    # print error to STDERR\n    echo \"error: The sandbox is not in sync with the Podfile.lock. Run 'pod install' or update your CocoaPods installation.\" >&2\n    exit 1\nfi\n# This output is used by Xcode 'outputs' to avoid re-running this script phase.\necho \"SUCCESS\" > \"${SCRIPT_OUTPUT_FILE_0}\"\n";
			showEnvVarsInLog = 0;
		};
		A4AB2A9F1E30D9356567040F /* [CP] Copy Pods Resources */ = {
			isa = PBXShellScriptBuildPhase;
			buildActionMask = 2147483647;
			files = (
			);
			inputPaths = (
			);
			name = "[CP] Copy Pods Resources";
			outputPaths = (
			);
			runOnlyForDeploymentPostprocessing = 0;
			shellPath = /bin/sh;
			shellScript = "\"${SRCROOT}/Pods/Target Support Files/Pods-FireBaseDemo/Pods-FireBaseDemo-resources.sh\"\n";
			showEnvVarsInLog = 0;
		};
		B5DADC8E52A0CBC64D247631 /* [CP] Embed Pods Frameworks */ = {
			isa = PBXShellScriptBuildPhase;
			buildActionMask = 2147483647;
			files = (
			);
			inputPaths = (
				"${SRCROOT}/Pods/Target Support Files/Pods-FireBaseDemo/Pods-FireBaseDemo-frameworks.sh",
				"${BUILT_PRODUCTS_DIR}/GoogleToolboxForMac/GoogleToolboxForMac.framework",
				"${BUILT_PRODUCTS_DIR}/nanopb/nanopb.framework",
			);
			name = "[CP] Embed Pods Frameworks";
			outputPaths = (
				"${TARGET_BUILD_DIR}/${FRAMEWORKS_FOLDER_PATH}/GoogleToolboxForMac.framework",
				"${TARGET_BUILD_DIR}/${FRAMEWORKS_FOLDER_PATH}/nanopb.framework",
			);
			runOnlyForDeploymentPostprocessing = 0;
			shellPath = /bin/sh;
			shellScript = "\"${SRCROOT}/Pods/Target Support Files/Pods-FireBaseDemo/Pods-FireBaseDemo-frameworks.sh\"\n";
			showEnvVarsInLog = 0;
		};
/* End PBXShellScriptBuildPhase section */

/* Begin PBXSourcesBuildPhase section */
		43A61845206C2CFC00DB29BA /* Sources */ = {
			isa = PBXSourcesBuildPhase;
			buildActionMask = 2147483647;
			files = (
				43A6184F206C2CFC00DB29BA /* ViewController.swift in Sources */,
				43A6184D206C2CFC00DB29BA /* AppDelegate.swift in Sources */,
				43A61855206C2CFD00DB29BA /* FireBaseDemo.xcdatamodeld in Sources */,
			);
			runOnlyForDeploymentPostprocessing = 0;
		};
/* End PBXSourcesBuildPhase section */

/* Begin PBXVariantGroup section */
		43A61850206C2CFC00DB29BA /* Main.storyboard */ = {
			isa = PBXVariantGroup;
			children = (
				43A61851206C2CFC00DB29BA /* Base */,
			);
			name = Main.storyboard;
			sourceTree = "<group>";
		};
		43A61858206C2CFD00DB29BA /* LaunchScreen.storyboard */ = {
			isa = PBXVariantGroup;
			children = (
				43A61859206C2CFD00DB29BA /* Base */,
			);
			name = LaunchScreen.storyboard;
			sourceTree = "<group>";
		};
/* End PBXVariantGroup section */

/* Begin XCBuildConfiguration section */
		43A6185C206C2CFD00DB29BA /* Debug */ = {
			isa = XCBuildConfiguration;
			buildSettings = {
				ALWAYS_SEARCH_USER_PATHS = NO;
				CLANG_ANALYZER_NONNULL = YES;
				CLANG_ANALYZER_NUMBER_OBJECT_CONVERSION = YES_AGGRESSIVE;
				CLANG_CXX_LANGUAGE_STANDARD = "gnu++14";
				CLANG_CXX_LIBRARY = "libc++";
				CLANG_ENABLE_MODULES = YES;
				CLANG_ENABLE_OBJC_ARC = YES;
				CLANG_WARN_BLOCK_CAPTURE_AUTORELEASING = YES;
				CLANG_WARN_BOOL_CONVERSION = YES;
				CLANG_WARN_COMMA = YES;
				CLANG_WARN_CONSTANT_CONVERSION = YES;
				CLANG_WARN_DIRECT_OBJC_ISA_USAGE = YES_ERROR;
				CLANG_WARN_DOCUMENTATION_COMMENTS = YES;
				CLANG_WARN_EMPTY_BODY = YES;
				CLANG_WARN_ENUM_CONVERSION = YES;
				CLANG_WARN_INFINITE_RECURSION = YES;
				CLANG_WARN_INT_CONVERSION = YES;
				CLANG_WARN_NON_LITERAL_NULL_CONVERSION = YES;
				CLANG_WARN_OBJC_LITERAL_CONVERSION = YES;
				CLANG_WARN_OBJC_ROOT_CLASS = YES_ERROR;
				CLANG_WARN_RANGE_LOOP_ANALYSIS = YES;
				CLANG_WARN_STRICT_PROTOTYPES = YES;
				CLANG_WARN_SUSPICIOUS_MOVE = YES;
				CLANG_WARN_UNGUARDED_AVAILABILITY = YES_AGGRESSIVE;
				CLANG_WARN_UNREACHABLE_CODE = YES;
				CLANG_WARN__DUPLICATE_METHOD_MATCH = YES;
				CODE_SIGN_IDENTITY = "iPhone Developer";
				COPY_PHASE_STRIP = NO;
				DEBUG_INFORMATION_FORMAT = dwarf;
				ENABLE_STRICT_OBJC_MSGSEND = YES;
				ENABLE_TESTABILITY = YES;
				GCC_C_LANGUAGE_STANDARD = gnu11;
				GCC_DYNAMIC_NO_PIC = NO;
				GCC_NO_COMMON_BLOCKS = YES;
				GCC_OPTIMIZATION_LEVEL = 0;
				GCC_PREPROCESSOR_DEFINITIONS = (
					"DEBUG=1",
					"$(inherited)",
				);
				GCC_WARN_64_TO_32_BIT_CONVERSION = YES;
				GCC_WARN_ABOUT_RETURN_TYPE = YES_ERROR;
				GCC_WARN_UNDECLARED_SELECTOR = YES;
				GCC_WARN_UNINITIALIZED_AUTOS = YES_AGGRESSIVE;
				GCC_WARN_UNUSED_FUNCTION = YES;
				GCC_WARN_UNUSED_VARIABLE = YES;
				IPHONEOS_DEPLOYMENT_TARGET = 11.0;
				MTL_ENABLE_DEBUG_INFO = YES;
				ONLY_ACTIVE_ARCH = YES;
				SDKROOT = iphoneos;
				SWIFT_ACTIVE_COMPILATION_CONDITIONS = DEBUG;
				SWIFT_OPTIMIZATION_LEVEL = "-Onone";
			};
			name = Debug;
		};
		43A6185D206C2CFD00DB29BA /* Release */ = {
			isa = XCBuildConfiguration;
			buildSettings = {
				ALWAYS_SEARCH_USER_PATHS = NO;
				CLANG_ANALYZER_NONNULL = YES;
				CLANG_ANALYZER_NUMBER_OBJECT_CONVERSION = YES_AGGRESSIVE;
				CLANG_CXX_LANGUAGE_STANDARD = "gnu++14";
				CLANG_CXX_LIBRARY = "libc++";
				CLANG_ENABLE_MODULES = YES;
				CLANG_ENABLE_OBJC_ARC = YES;
				CLANG_WARN_BLOCK_CAPTURE_AUTORELEASING = YES;
				CLANG_WARN_BOOL_CONVERSION = YES;
				CLANG_WARN_COMMA = YES;
				CLANG_WARN_CONSTANT_CONVERSION = YES;
				CLANG_WARN_DIRECT_OBJC_ISA_USAGE = YES_ERROR;
				CLANG_WARN_DOCUMENTATION_COMMENTS = YES;
				CLANG_WARN_EMPTY_BODY = YES;
				CLANG_WARN_ENUM_CONVERSION = YES;
				CLANG_WARN_INFINITE_RECURSION = YES;
				CLANG_WARN_INT_CONVERSION = YES;
				CLANG_WARN_NON_LITERAL_NULL_CONVERSION = YES;
				CLANG_WARN_OBJC_LITERAL_CONVERSION = YES;
				CLANG_WARN_OBJC_ROOT_CLASS = YES_ERROR;
				CLANG_WARN_RANGE_LOOP_ANALYSIS = YES;
				CLANG_WARN_STRICT_PROTOTYPES = YES;
				CLANG_WARN_SUSPICIOUS_MOVE = YES;
				CLANG_WARN_UNGUARDED_AVAILABILITY = YES_AGGRESSIVE;
				CLANG_WARN_UNREACHABLE_CODE = YES;
				CLANG_WARN__DUPLICATE_METHOD_MATCH = YES;
				CODE_SIGN_IDENTITY = "iPhone Developer";
				COPY_PHASE_STRIP = NO;
				DEBUG_INFORMATION_FORMAT = "dwarf-with-dsym";
				ENABLE_NS_ASSERTIONS = NO;
				ENABLE_STRICT_OBJC_MSGSEND = YES;
				GCC_C_LANGUAGE_STANDARD = gnu11;
				GCC_NO_COMMON_BLOCKS = YES;
				GCC_WARN_64_TO_32_BIT_CONVERSION = YES;
				GCC_WARN_ABOUT_RETURN_TYPE = YES_ERROR;
				GCC_WARN_UNDECLARED_SELECTOR = YES;
				GCC_WARN_UNINITIALIZED_AUTOS = YES_AGGRESSIVE;
				GCC_WARN_UNUSED_FUNCTION = YES;
				GCC_WARN_UNUSED_VARIABLE = YES;
				IPHONEOS_DEPLOYMENT_TARGET = 11.0;
				MTL_ENABLE_DEBUG_INFO = NO;
				SDKROOT = iphoneos;
				SWIFT_OPTIMIZATION_LEVEL = "-Owholemodule";
				VALIDATE_PRODUCT = YES;
			};
			name = Release;
		};
		43A6185F206C2CFD00DB29BA /* Debug */ = {
			isa = XCBuildConfiguration;
			baseConfigurationReference = 9354FB24F181DF8F42A82616 /* Pods-FireBaseDemo.debug.xcconfig */;
			buildSettings = {
				ASSETCATALOG_COMPILER_APPICON_NAME = AppIcon;
				CODE_SIGN_STYLE = Automatic;
				INFOPLIST_FILE = FireBaseDemo/Info.plist;
				LD_RUNPATH_SEARCH_PATHS = "$(inherited) @executable_path/Frameworks";
				PRODUCT_BUNDLE_IDENTIFIER = edu.self.FireBaseDemo;
				PRODUCT_NAME = "$(TARGET_NAME)";
				SWIFT_VERSION = 4.0;
				TARGETED_DEVICE_FAMILY = "1,2";
			};
			name = Debug;
		};
		43A61860206C2CFD00DB29BA /* Release */ = {
			isa = XCBuildConfiguration;
			baseConfigurationReference = 33F936BF2FA566FDD061D67B /* Pods-FireBaseDemo.release.xcconfig */;
			buildSettings = {
				ASSETCATALOG_COMPILER_APPICON_NAME = AppIcon;
				CODE_SIGN_STYLE = Automatic;
				INFOPLIST_FILE = FireBaseDemo/Info.plist;
				LD_RUNPATH_SEARCH_PATHS = "$(inherited) @executable_path/Frameworks";
				PRODUCT_BUNDLE_IDENTIFIER = edu.self.FireBaseDemo;
				PRODUCT_NAME = "$(TARGET_NAME)";
				SWIFT_VERSION = 4.0;
				TARGETED_DEVICE_FAMILY = "1,2";
			};
			name = Release;
		};
/* End XCBuildConfiguration section */

/* Begin XCConfigurationList section */
		43A61844206C2CFC00DB29BA /* Build configuration list for PBXProject "FireBaseDemo" */ = {
			isa = XCConfigurationList;
			buildConfigurations = (
				43A6185C206C2CFD00DB29BA /* Debug */,
				43A6185D206C2CFD00DB29BA /* Release */,
			);
			defaultConfigurationIsVisible = 0;
			defaultConfigurationName = Release;
		};
		43A6185E206C2CFD00DB29BA /* Build configuration list for PBXNativeTarget "FireBaseDemo" */ = {
			isa = XCConfigurationList;
			buildConfigurations = (
				43A6185F206C2CFD00DB29BA /* Debug */,
				43A61860206C2CFD00DB29BA /* Release */,
			);
			defaultConfigurationIsVisible = 0;
			defaultConfigurationName = Release;
		};
/* End XCConfigurationList section */

/* Begin XCVersionGroup section */
		43A61853206C2CFC00DB29BA /* FireBaseDemo.xcdatamodeld */ = {
			isa = XCVersionGroup;
			children = (
				43A61854206C2CFC00DB29BA /* FireBaseDemo.xcdatamodel */,
			);
			currentVersion = 43A61854206C2CFC00DB29BA /* FireBaseDemo.xcdatamodel */;
			path = FireBaseDemo.xcdatamodeld;
			sourceTree = "<group>";
			versionGroupType = wrapper.xcdatamodel;
		};
/* End XCVersionGroup section */
	};
	rootObject = 43A61841206C2CFC00DB29BA /* Project object */;
}
